// !$*UTF8*$!
{
	archiveVersion = 1;
	classes = {
	};
	objectVersion = 51;
	objects = {

/* Begin PBXBuildFile section */
		2E9FBF12236C1B7300C71549 /* AppDelegate.swift in Sources */ = {isa = PBXBuildFile; fileRef = 2E9FBF11236C1B7300C71549 /* AppDelegate.swift */; };
		2E9FBF19236C1B7400C71549 /* Assets.xcassets in Resources */ = {isa = PBXBuildFile; fileRef = 2E9FBF18236C1B7400C71549 /* Assets.xcassets */; };
		8F074848236C37910025CA72 /* LaunchScreen.storyboard in Resources */ = {isa = PBXBuildFile; fileRef = 2E9FBF1A236C1B7400C71549 /* LaunchScreen.storyboard */; };
		8F19AC432376E0A000995386 /* AddViewController.swift in Sources */ = {isa = PBXBuildFile; fileRef = 8F19AC422376E0A000995386 /* AddViewController.swift */; };
		8F19AC462376FEAE00995386 /* LiveStream.storyboard in Resources */ = {isa = PBXBuildFile; fileRef = 8F19AC452376FEAE00995386 /* LiveStream.storyboard */; };
		8F19AC482376FED700995386 /* LiveStreamViewController.swift in Sources */ = {isa = PBXBuildFile; fileRef = 8F19AC472376FED700995386 /* LiveStreamViewController.swift */; };
		8F2656F7236D85A300F5D1C7 /* Intro.storyboard in Resources */ = {isa = PBXBuildFile; fileRef = 8F2656F6236D85A300F5D1C7 /* Intro.storyboard */; };
		8F2656F9236D85BD00F5D1C7 /* IntroViewController.swift in Sources */ = {isa = PBXBuildFile; fileRef = 8F2656F8236D85BD00F5D1C7 /* IntroViewController.swift */; };
		8F2656FC236D8FB400F5D1C7 /* Scan.storyboard in Resources */ = {isa = PBXBuildFile; fileRef = 8F2656FB236D8FB400F5D1C7 /* Scan.storyboard */; };
		8F2656FE236D8FC900F5D1C7 /* ScanViewController.swift in Sources */ = {isa = PBXBuildFile; fileRef = 8F2656FD236D8FC900F5D1C7 /* ScanViewController.swift */; };
		8F265701236E789900F5D1C7 /* Interaction.storyboard in Resources */ = {isa = PBXBuildFile; fileRef = 8F265700236E789900F5D1C7 /* Interaction.storyboard */; };
		8F265703236E78B400F5D1C7 /* InteractionViewController.swift in Sources */ = {isa = PBXBuildFile; fileRef = 8F265702236E78B400F5D1C7 /* InteractionViewController.swift */; };
		8F26570723702D0200F5D1C7 /* InteractionOptionsViewController.swift in Sources */ = {isa = PBXBuildFile; fileRef = 8F26570623702D0200F5D1C7 /* InteractionOptionsViewController.swift */; };
		8F265709237034C900F5D1C7 /* InteractionOptions.storyboard in Resources */ = {isa = PBXBuildFile; fileRef = 8F265708237034C900F5D1C7 /* InteractionOptions.storyboard */; };
		8F541BEC2374F86000A6FF77 /* RecentVisitCollectionViewCell.swift in Sources */ = {isa = PBXBuildFile; fileRef = 8F541BEB2374F86000A6FF77 /* RecentVisitCollectionViewCell.swift */; };
		8F56276C236C40FB00058639 /* Home.storyboard in Resources */ = {isa = PBXBuildFile; fileRef = 8F56276B236C40FB00058639 /* Home.storyboard */; };
		8F56276E236C448D00058639 /* Login.storyboard in Resources */ = {isa = PBXBuildFile; fileRef = 8F56276D236C448D00058639 /* Login.storyboard */; };
		8F562770236C4E0500058639 /* UITextFieldX.swift in Sources */ = {isa = PBXBuildFile; fileRef = 8F56276F236C4E0500058639 /* UITextFieldX.swift */; };
		8F562773236C55CB00058639 /* RegisterViewController.swift in Sources */ = {isa = PBXBuildFile; fileRef = 8F562772236C55CB00058639 /* RegisterViewController.swift */; };
		8F562775236C55FF00058639 /* Register.storyboard in Resources */ = {isa = PBXBuildFile; fileRef = 8F562774236C55FF00058639 /* Register.storyboard */; };
		8F5E25B8236C30D800C6699B /* UIImageViewX.swift in Sources */ = {isa = PBXBuildFile; fileRef = 8F5E25B4236C30D800C6699B /* UIImageViewX.swift */; };
		8F5E25B9236C30D800C6699B /* UIButtonX.swift in Sources */ = {isa = PBXBuildFile; fileRef = 8F5E25B5236C30D800C6699B /* UIButtonX.swift */; };
		8F5E25BA236C30D800C6699B /* ThreePointGradient.swift in Sources */ = {isa = PBXBuildFile; fileRef = 8F5E25B6236C30D800C6699B /* ThreePointGradient.swift */; };
		8F5E25BB236C30D800C6699B /* UIViewX.swift in Sources */ = {isa = PBXBuildFile; fileRef = 8F5E25B7236C30D800C6699B /* UIViewX.swift */; };
		8F5E25BD236C310A00C6699B /* Colors.xcassets in Resources */ = {isa = PBXBuildFile; fileRef = 8F5E25BC236C310A00C6699B /* Colors.xcassets */; };
		8F5E25BF236C312900C6699B /* Images.xcassets in Resources */ = {isa = PBXBuildFile; fileRef = 8F5E25BE236C312900C6699B /* Images.xcassets */; };
		8F5E25C4236C336500C6699B /* HomeViewController.swift in Sources */ = {isa = PBXBuildFile; fileRef = 8F5E25C3236C336500C6699B /* HomeViewController.swift */; };
		8F5E25C6236C337700C6699B /* LoginViewController.swift in Sources */ = {isa = PBXBuildFile; fileRef = 8F5E25C5236C337700C6699B /* LoginViewController.swift */; };
		8FB025852376724F00AAA474 /* UIViewControllerExtension.swift in Sources */ = {isa = PBXBuildFile; fileRef = 8FB025842376724F00AAA474 /* UIViewControllerExtension.swift */; };
		8FB02587237698A100AAA474 /* GoogleService-Info.plist in Resources */ = {isa = PBXBuildFile; fileRef = 8FB02586237698A000AAA474 /* GoogleService-Info.plist */; };
		8FB0258A2376A42700AAA474 /* VisitListViewController.swift in Sources */ = {isa = PBXBuildFile; fileRef = 8FB025892376A42700AAA474 /* VisitListViewController.swift */; };
		8FB0258C2376AA2A00AAA474 /* VisitListTableViewCell.swift in Sources */ = {isa = PBXBuildFile; fileRef = 8FB0258B2376AA2A00AAA474 /* VisitListTableViewCell.swift */; };
		8FB0258E2376C3BC00AAA474 /* VisitList.storyboard in Resources */ = {isa = PBXBuildFile; fileRef = 8FB0258D2376C3BB00AAA474 /* VisitList.storyboard */; };
		8FB025912376CDD700AAA474 /* DetailView.storyboard in Resources */ = {isa = PBXBuildFile; fileRef = 8FB025902376CDD700AAA474 /* DetailView.storyboard */; };
		8FB025932376CF5E00AAA474 /* DetailViewController.swift in Sources */ = {isa = PBXBuildFile; fileRef = 8FB025922376CF5E00AAA474 /* DetailViewController.swift */; };
		A652FCD22375D9B300579D8F /* MulticastDelegate.swift in Sources */ = {isa = PBXBuildFile; fileRef = A652FCD12375D9B300579D8F /* MulticastDelegate.swift */; };
		A652FCD42375D9E300579D8F /* DatabaseProtocol.swift in Sources */ = {isa = PBXBuildFile; fileRef = A652FCD32375D9E300579D8F /* DatabaseProtocol.swift */; };
		A652FCD82375DA3900579D8F /* FirebaseReading.swift in Sources */ = {isa = PBXBuildFile; fileRef = A652FCD72375DA3900579D8F /* FirebaseReading.swift */; };
		A652FCDA2375DA8800579D8F /* FirebaseController.swift in Sources */ = {isa = PBXBuildFile; fileRef = A652FCD92375DA8800579D8F /* FirebaseController.swift */; };
		A652FCE32375DD3200579D8F /* Data.swift in Sources */ = {isa = PBXBuildFile; fileRef = A652FCE22375DD3200579D8F /* Data.swift */; };
		FF9D0FFF6FFE1BDBEF8B87EF /* Pods_BigBrother.framework in Frameworks */ = {isa = PBXBuildFile; fileRef = CCC268C1FD9A45938A77DE48 /* Pods_BigBrother.framework */; };
/* End PBXBuildFile section */

/* Begin PBXFileReference section */
		2E9FBF0E236C1B7300C71549 /* BigBrother.app */ = {isa = PBXFileReference; explicitFileType = wrapper.application; includeInIndex = 0; path = BigBrother.app; sourceTree = BUILT_PRODUCTS_DIR; };
		2E9FBF11236C1B7300C71549 /* AppDelegate.swift */ = {isa = PBXFileReference; lastKnownFileType = sourcecode.swift; name = AppDelegate.swift; path = ../AppDelegate.swift; sourceTree = "<group>"; };
		2E9FBF18236C1B7400C71549 /* Assets.xcassets */ = {isa = PBXFileReference; lastKnownFileType = folder.assetcatalog; path = Assets.xcassets; sourceTree = "<group>"; };
		2E9FBF1B236C1B7400C71549 /* Base */ = {isa = PBXFileReference; lastKnownFileType = file.storyboard; name = Base; path = Base.lproj/LaunchScreen.storyboard; sourceTree = "<group>"; };
		2E9FBF1D236C1B7400C71549 /* Info.plist */ = {isa = PBXFileReference; lastKnownFileType = text.plist.xml; path = Info.plist; sourceTree = "<group>"; };
		5DCE8B5DC6327A5E777BB484 /* Pods-BigBrother.debug.xcconfig */ = {isa = PBXFileReference; includeInIndex = 1; lastKnownFileType = text.xcconfig; name = "Pods-BigBrother.debug.xcconfig"; path = "Target Support Files/Pods-BigBrother/Pods-BigBrother.debug.xcconfig"; sourceTree = "<group>"; };
		8F19AC422376E0A000995386 /* AddViewController.swift */ = {isa = PBXFileReference; lastKnownFileType = sourcecode.swift; path = AddViewController.swift; sourceTree = "<group>"; };
		8F19AC452376FEAE00995386 /* LiveStream.storyboard */ = {isa = PBXFileReference; fileEncoding = 4; lastKnownFileType = file.storyboard; path = LiveStream.storyboard; sourceTree = "<group>"; };
		8F19AC472376FED700995386 /* LiveStreamViewController.swift */ = {isa = PBXFileReference; lastKnownFileType = sourcecode.swift; path = LiveStreamViewController.swift; sourceTree = "<group>"; };
		8F2656F6236D85A300F5D1C7 /* Intro.storyboard */ = {isa = PBXFileReference; lastKnownFileType = file.storyboard; path = Intro.storyboard; sourceTree = "<group>"; };
		8F2656F8236D85BD00F5D1C7 /* IntroViewController.swift */ = {isa = PBXFileReference; lastKnownFileType = sourcecode.swift; path = IntroViewController.swift; sourceTree = "<group>"; };
		8F2656FB236D8FB400F5D1C7 /* Scan.storyboard */ = {isa = PBXFileReference; fileEncoding = 4; lastKnownFileType = file.storyboard; path = Scan.storyboard; sourceTree = "<group>"; };
		8F2656FD236D8FC900F5D1C7 /* ScanViewController.swift */ = {isa = PBXFileReference; lastKnownFileType = sourcecode.swift; path = ScanViewController.swift; sourceTree = "<group>"; };
		8F265700236E789900F5D1C7 /* Interaction.storyboard */ = {isa = PBXFileReference; fileEncoding = 4; lastKnownFileType = file.storyboard; path = Interaction.storyboard; sourceTree = "<group>"; };
		8F265702236E78B400F5D1C7 /* InteractionViewController.swift */ = {isa = PBXFileReference; lastKnownFileType = sourcecode.swift; path = InteractionViewController.swift; sourceTree = "<group>"; };
		8F26570623702D0200F5D1C7 /* InteractionOptionsViewController.swift */ = {isa = PBXFileReference; lastKnownFileType = sourcecode.swift; path = InteractionOptionsViewController.swift; sourceTree = "<group>"; };
		8F265708237034C900F5D1C7 /* InteractionOptions.storyboard */ = {isa = PBXFileReference; fileEncoding = 4; lastKnownFileType = file.storyboard; path = InteractionOptions.storyboard; sourceTree = "<group>"; };
		8F541BEB2374F86000A6FF77 /* RecentVisitCollectionViewCell.swift */ = {isa = PBXFileReference; lastKnownFileType = sourcecode.swift; path = RecentVisitCollectionViewCell.swift; sourceTree = "<group>"; };
		8F56276B236C40FB00058639 /* Home.storyboard */ = {isa = PBXFileReference; fileEncoding = 4; lastKnownFileType = file.storyboard; path = Home.storyboard; sourceTree = "<group>"; };
		8F56276D236C448D00058639 /* Login.storyboard */ = {isa = PBXFileReference; fileEncoding = 4; lastKnownFileType = file.storyboard; path = Login.storyboard; sourceTree = "<group>"; };
		8F56276F236C4E0500058639 /* UITextFieldX.swift */ = {isa = PBXFileReference; lastKnownFileType = sourcecode.swift; path = UITextFieldX.swift; sourceTree = "<group>"; };
		8F562772236C55CB00058639 /* RegisterViewController.swift */ = {isa = PBXFileReference; lastKnownFileType = sourcecode.swift; path = RegisterViewController.swift; sourceTree = "<group>"; };
		8F562774236C55FF00058639 /* Register.storyboard */ = {isa = PBXFileReference; fileEncoding = 4; lastKnownFileType = file.storyboard; path = Register.storyboard; sourceTree = "<group>"; };
		8F5E25B4236C30D800C6699B /* UIImageViewX.swift */ = {isa = PBXFileReference; fileEncoding = 4; lastKnownFileType = sourcecode.swift; path = UIImageViewX.swift; sourceTree = "<group>"; };
		8F5E25B5236C30D800C6699B /* UIButtonX.swift */ = {isa = PBXFileReference; fileEncoding = 4; lastKnownFileType = sourcecode.swift; path = UIButtonX.swift; sourceTree = "<group>"; };
		8F5E25B6236C30D800C6699B /* ThreePointGradient.swift */ = {isa = PBXFileReference; fileEncoding = 4; lastKnownFileType = sourcecode.swift; path = ThreePointGradient.swift; sourceTree = "<group>"; };
		8F5E25B7236C30D800C6699B /* UIViewX.swift */ = {isa = PBXFileReference; fileEncoding = 4; lastKnownFileType = sourcecode.swift; path = UIViewX.swift; sourceTree = "<group>"; };
		8F5E25BC236C310A00C6699B /* Colors.xcassets */ = {isa = PBXFileReference; lastKnownFileType = folder.assetcatalog; path = Colors.xcassets; sourceTree = "<group>"; };
		8F5E25BE236C312900C6699B /* Images.xcassets */ = {isa = PBXFileReference; lastKnownFileType = folder.assetcatalog; path = Images.xcassets; sourceTree = "<group>"; };
		8F5E25C3236C336500C6699B /* HomeViewController.swift */ = {isa = PBXFileReference; lastKnownFileType = sourcecode.swift; path = HomeViewController.swift; sourceTree = "<group>"; };
		8F5E25C5236C337700C6699B /* LoginViewController.swift */ = {isa = PBXFileReference; lastKnownFileType = sourcecode.swift; path = LoginViewController.swift; sourceTree = "<group>"; };
		8FB025842376724F00AAA474 /* UIViewControllerExtension.swift */ = {isa = PBXFileReference; lastKnownFileType = sourcecode.swift; path = UIViewControllerExtension.swift; sourceTree = "<group>"; };
		8FB02586237698A000AAA474 /* GoogleService-Info.plist */ = {isa = PBXFileReference; fileEncoding = 4; lastKnownFileType = text.plist.xml; path = "GoogleService-Info.plist"; sourceTree = "<group>"; };
		8FB025892376A42700AAA474 /* VisitListViewController.swift */ = {isa = PBXFileReference; lastKnownFileType = sourcecode.swift; path = VisitListViewController.swift; sourceTree = "<group>"; };
		8FB0258B2376AA2A00AAA474 /* VisitListTableViewCell.swift */ = {isa = PBXFileReference; lastKnownFileType = sourcecode.swift; path = VisitListTableViewCell.swift; sourceTree = "<group>"; };
		8FB0258D2376C3BB00AAA474 /* VisitList.storyboard */ = {isa = PBXFileReference; fileEncoding = 4; lastKnownFileType = file.storyboard; path = VisitList.storyboard; sourceTree = "<group>"; };
		8FB025902376CDD700AAA474 /* DetailView.storyboard */ = {isa = PBXFileReference; fileEncoding = 4; lastKnownFileType = file.storyboard; path = DetailView.storyboard; sourceTree = "<group>"; };
		8FB025922376CF5E00AAA474 /* DetailViewController.swift */ = {isa = PBXFileReference; lastKnownFileType = sourcecode.swift; path = DetailViewController.swift; sourceTree = "<group>"; };
		8FFA1DA7237A6E39005F9373 /* BigBrother.entitlements */ = {isa = PBXFileReference; lastKnownFileType = text.plist.entitlements; path = BigBrother.entitlements; sourceTree = "<group>"; };
		A652FCD12375D9B300579D8F /* MulticastDelegate.swift */ = {isa = PBXFileReference; lastKnownFileType = sourcecode.swift; path = MulticastDelegate.swift; sourceTree = "<group>"; };
		A652FCD32375D9E300579D8F /* DatabaseProtocol.swift */ = {isa = PBXFileReference; lastKnownFileType = sourcecode.swift; path = DatabaseProtocol.swift; sourceTree = "<group>"; };
		A652FCD72375DA3900579D8F /* FirebaseReading.swift */ = {isa = PBXFileReference; lastKnownFileType = sourcecode.swift; path = FirebaseReading.swift; sourceTree = "<group>"; };
		A652FCD92375DA8800579D8F /* FirebaseController.swift */ = {isa = PBXFileReference; lastKnownFileType = sourcecode.swift; path = FirebaseController.swift; sourceTree = "<group>"; };
		A652FCE22375DD3200579D8F /* Data.swift */ = {isa = PBXFileReference; lastKnownFileType = sourcecode.swift; path = Data.swift; sourceTree = "<group>"; };
		CCC268C1FD9A45938A77DE48 /* Pods_BigBrother.framework */ = {isa = PBXFileReference; explicitFileType = wrapper.framework; includeInIndex = 0; path = Pods_BigBrother.framework; sourceTree = BUILT_PRODUCTS_DIR; };
		F63DFFD5ECCE7DB4DAB1B446 /* Pods-BigBrother.release.xcconfig */ = {isa = PBXFileReference; includeInIndex = 1; lastKnownFileType = text.xcconfig; name = "Pods-BigBrother.release.xcconfig"; path = "Target Support Files/Pods-BigBrother/Pods-BigBrother.release.xcconfig"; sourceTree = "<group>"; };
/* End PBXFileReference section */

/* Begin PBXFrameworksBuildPhase section */
		2E9FBF0B236C1B7300C71549 /* Frameworks */ = {
			isa = PBXFrameworksBuildPhase;
			buildActionMask = 2147483647;
			files = (
				FF9D0FFF6FFE1BDBEF8B87EF /* Pods_BigBrother.framework in Frameworks */,
			);
			runOnlyForDeploymentPostprocessing = 0;
		};
/* End PBXFrameworksBuildPhase section */

/* Begin PBXGroup section */
		0672451E9C1597188FE81C88 /* Pods */ = {
			isa = PBXGroup;
			children = (
				5DCE8B5DC6327A5E777BB484 /* Pods-BigBrother.debug.xcconfig */,
				F63DFFD5ECCE7DB4DAB1B446 /* Pods-BigBrother.release.xcconfig */,
			);
			path = Pods;
			sourceTree = "<group>";
		};
		2E9FBF05236C1B7300C71549 = {
			isa = PBXGroup;
			children = (
				8F5E25B2236C309300C6699B /* Resources */,
				2E9FBF10236C1B7300C71549 /* BigBrother */,
				2E9FBF0F236C1B7300C71549 /* Products */,
				0672451E9C1597188FE81C88 /* Pods */,
				EB842E01EBEB4849B94AE8BD /* Frameworks */,
			);
			sourceTree = "<group>";
		};
		2E9FBF0F236C1B7300C71549 /* Products */ = {
			isa = PBXGroup;
			children = (
				2E9FBF0E236C1B7300C71549 /* BigBrother.app */,
			);
			name = Products;
			sourceTree = "<group>";
		};
		2E9FBF10236C1B7300C71549 /* BigBrother */ = {
			isa = PBXGroup;
			children = (
				8FFA1DA7237A6E39005F9373 /* BigBrother.entitlements */,
				8FB02586237698A000AAA474 /* GoogleService-Info.plist */,
				A652FCD62375DA0800579D8F /* Data */,
				A652FCD02375D98900579D8F /* Database */,
				8F541BEA2374F81800A6FF77 /* Model */,
				8F5E25C0236C325000C6699B /* Views */,
				2E9FBF1D236C1B7400C71549 /* Info.plist */,
			);
			path = BigBrother;
			sourceTree = "<group>";
		};
		8F19AC442376FC5B00995386 /* LiveStream */ = {
			isa = PBXGroup;
			children = (
				8F19AC452376FEAE00995386 /* LiveStream.storyboard */,
				8F19AC472376FED700995386 /* LiveStreamViewController.swift */,
			);
			path = LiveStream;
			sourceTree = "<group>";
		};
		8F2656F5236D858800F5D1C7 /* Intro */ = {
			isa = PBXGroup;
			children = (
				8F2656F6236D85A300F5D1C7 /* Intro.storyboard */,
				8F2656F8236D85BD00F5D1C7 /* IntroViewController.swift */,
			);
			path = Intro;
			sourceTree = "<group>";
		};
		8F2656FA236D8F9800F5D1C7 /* Scan */ = {
			isa = PBXGroup;
			children = (
				8F2656FB236D8FB400F5D1C7 /* Scan.storyboard */,
				8F2656FD236D8FC900F5D1C7 /* ScanViewController.swift */,
			);
			path = Scan;
			sourceTree = "<group>";
		};
		8F2656FF236E787B00F5D1C7 /* Interaction */ = {
			isa = PBXGroup;
			children = (
				8F265700236E789900F5D1C7 /* Interaction.storyboard */,
				8F265702236E78B400F5D1C7 /* InteractionViewController.swift */,
			);
			path = Interaction;
			sourceTree = "<group>";
		};
		8F26570523702CDC00F5D1C7 /* InteractionOptions */ = {
			isa = PBXGroup;
			children = (
				8F265708237034C900F5D1C7 /* InteractionOptions.storyboard */,
				8F26570623702D0200F5D1C7 /* InteractionOptionsViewController.swift */,
			);
			path = InteractionOptions;
			sourceTree = "<group>";
		};
		8F541BEA2374F81800A6FF77 /* Model */ = {
			isa = PBXGroup;
			children = (
				8F541BEB2374F86000A6FF77 /* RecentVisitCollectionViewCell.swift */,
				8FB0258B2376AA2A00AAA474 /* VisitListTableViewCell.swift */,
			);
			path = Model;
			sourceTree = "<group>";
		};
		8F562771236C559B00058639 /* Register */ = {
			isa = PBXGroup;
			children = (
				8F562774236C55FF00058639 /* Register.storyboard */,
				8F562772236C55CB00058639 /* RegisterViewController.swift */,
			);
			path = Register;
			sourceTree = "<group>";
		};
		8F5E25B2236C309300C6699B /* Resources */ = {
			isa = PBXGroup;
			children = (
				2E9FBF18236C1B7400C71549 /* Assets.xcassets */,
				8F5E25BE236C312900C6699B /* Images.xcassets */,
				8F5E25BC236C310A00C6699B /* Colors.xcassets */,
				8F5E25B3236C30A400C6699B /* Helpers */,
			);
			path = Resources;
			sourceTree = "<group>";
		};
		8F5E25B3236C30A400C6699B /* Helpers */ = {
			isa = PBXGroup;
			children = (
				8F5E25B6236C30D800C6699B /* ThreePointGradient.swift */,
				8F5E25B5236C30D800C6699B /* UIButtonX.swift */,
				8F5E25B4236C30D800C6699B /* UIImageViewX.swift */,
				8F5E25B7236C30D800C6699B /* UIViewX.swift */,
				8F56276F236C4E0500058639 /* UITextFieldX.swift */,
				8FB025842376724F00AAA474 /* UIViewControllerExtension.swift */,
			);
			path = Helpers;
			sourceTree = "<group>";
		};
		8F5E25C0236C325000C6699B /* Views */ = {
			isa = PBXGroup;
			children = (
				8F19AC442376FC5B00995386 /* LiveStream */,
				8FB0258F2376CDB000AAA474 /* DetailView */,
				8FB025882376A3EA00AAA474 /* VisitList */,
				8F26570523702CDC00F5D1C7 /* InteractionOptions */,
				8F2656FF236E787B00F5D1C7 /* Interaction */,
				8F2656FA236D8F9800F5D1C7 /* Scan */,
				8F2656F5236D858800F5D1C7 /* Intro */,
				8F562771236C559B00058639 /* Register */,
				8F5E25C2236C334700C6699B /* Login */,
				8F5E25C1236C333E00C6699B /* Home */,
				2E9FBF11236C1B7300C71549 /* AppDelegate.swift */,
				2E9FBF1A236C1B7400C71549 /* LaunchScreen.storyboard */,
			);
			path = Views;
			sourceTree = "<group>";
		};
		8F5E25C1236C333E00C6699B /* Home */ = {
			isa = PBXGroup;
			children = (
				8F56276B236C40FB00058639 /* Home.storyboard */,
				8F5E25C3236C336500C6699B /* HomeViewController.swift */,
			);
			path = Home;
			sourceTree = "<group>";
		};
		8F5E25C2236C334700C6699B /* Login */ = {
			isa = PBXGroup;
			children = (
				8F56276D236C448D00058639 /* Login.storyboard */,
				8F5E25C5236C337700C6699B /* LoginViewController.swift */,
			);
			path = Login;
			sourceTree = "<group>";
		};
		8FB025882376A3EA00AAA474 /* VisitList */ = {
			isa = PBXGroup;
			children = (
				8FB0258D2376C3BB00AAA474 /* VisitList.storyboard */,
				8FB025892376A42700AAA474 /* VisitListViewController.swift */,
			);
			path = VisitList;
			sourceTree = "<group>";
		};
		8FB0258F2376CDB000AAA474 /* DetailView */ = {
			isa = PBXGroup;
			children = (
				8FB025902376CDD700AAA474 /* DetailView.storyboard */,
				8FB025922376CF5E00AAA474 /* DetailViewController.swift */,
				8F19AC422376E0A000995386 /* AddViewController.swift */,
			);
			path = DetailView;
			sourceTree = "<group>";
		};
		A652FCD02375D98900579D8F /* Database */ = {
			isa = PBXGroup;
			children = (
				A652FCD12375D9B300579D8F /* MulticastDelegate.swift */,
				A652FCD32375D9E300579D8F /* DatabaseProtocol.swift */,
				A652FCD92375DA8800579D8F /* FirebaseController.swift */,
			);
			path = Database;
			sourceTree = "<group>";
		};
		A652FCD62375DA0800579D8F /* Data */ = {
			isa = PBXGroup;
			children = (
				A652FCD72375DA3900579D8F /* FirebaseReading.swift */,
				A652FCE22375DD3200579D8F /* Data.swift */,
			);
			path = Data;
			sourceTree = "<group>";
		};
		EB842E01EBEB4849B94AE8BD /* Frameworks */ = {
			isa = PBXGroup;
			children = (
				CCC268C1FD9A45938A77DE48 /* Pods_BigBrother.framework */,
			);
			name = Frameworks;
			sourceTree = "<group>";
		};
/* End PBXGroup section */

/* Begin PBXNativeTarget section */
		2E9FBF0D236C1B7300C71549 /* BigBrother */ = {
			isa = PBXNativeTarget;
			buildConfigurationList = 2E9FBF20236C1B7400C71549 /* Build configuration list for PBXNativeTarget "BigBrother" */;
			buildPhases = (
				35DE0F25F57F8E8B0CF0BE6D /* [CP] Check Pods Manifest.lock */,
				2E9FBF0A236C1B7300C71549 /* Sources */,
				2E9FBF0B236C1B7300C71549 /* Frameworks */,
				2E9FBF0C236C1B7300C71549 /* Resources */,
				7CD1C18DB3EABB2520FD1F24 /* [CP] Embed Pods Frameworks */,
			);
			buildRules = (
			);
			dependencies = (
			);
			name = BigBrother;
			productName = BigBrother;
			productReference = 2E9FBF0E236C1B7300C71549 /* BigBrother.app */;
			productType = "com.apple.product-type.application";
		};
/* End PBXNativeTarget section */

/* Begin PBXProject section */
		2E9FBF06236C1B7300C71549 /* Project object */ = {
			isa = PBXProject;
			attributes = {
				LastSwiftUpdateCheck = 1020;
				LastUpgradeCheck = 1020;
				ORGANIZATIONNAME = "M Rahman";
				TargetAttributes = {
					2E9FBF0D236C1B7300C71549 = {
						CreatedOnToolsVersion = 10.2.1;
					};
				};
			};
			buildConfigurationList = 2E9FBF09236C1B7300C71549 /* Build configuration list for PBXProject "BigBrother" */;
			compatibilityVersion = "Xcode 9.3";
			developmentRegion = en;
			hasScannedForEncodings = 0;
			knownRegions = (
				en,
				Base,
			);
			mainGroup = 2E9FBF05236C1B7300C71549;
			productRefGroup = 2E9FBF0F236C1B7300C71549 /* Products */;
			projectDirPath = "";
			projectRoot = "";
			targets = (
				2E9FBF0D236C1B7300C71549 /* BigBrother */,
			);
		};
/* End PBXProject section */

/* Begin PBXResourcesBuildPhase section */
		2E9FBF0C236C1B7300C71549 /* Resources */ = {
			isa = PBXResourcesBuildPhase;
			buildActionMask = 2147483647;
			files = (
				8FB02587237698A100AAA474 /* GoogleService-Info.plist in Resources */,
				8F074848236C37910025CA72 /* LaunchScreen.storyboard in Resources */,
				8F56276E236C448D00058639 /* Login.storyboard in Resources */,
				8F265709237034C900F5D1C7 /* InteractionOptions.storyboard in Resources */,
				8FB0258E2376C3BC00AAA474 /* VisitList.storyboard in Resources */,
				8F5E25BF236C312900C6699B /* Images.xcassets in Resources */,
				8F265701236E789900F5D1C7 /* Interaction.storyboard in Resources */,
				8F19AC462376FEAE00995386 /* LiveStream.storyboard in Resources */,
				8FB025912376CDD700AAA474 /* DetailView.storyboard in Resources */,
				8F2656F7236D85A300F5D1C7 /* Intro.storyboard in Resources */,
				8F56276C236C40FB00058639 /* Home.storyboard in Resources */,
				8F5E25BD236C310A00C6699B /* Colors.xcassets in Resources */,
				2E9FBF19236C1B7400C71549 /* Assets.xcassets in Resources */,
				8F562775236C55FF00058639 /* Register.storyboard in Resources */,
				8F2656FC236D8FB400F5D1C7 /* Scan.storyboard in Resources */,
			);
			runOnlyForDeploymentPostprocessing = 0;
		};
/* End PBXResourcesBuildPhase section */

/* Begin PBXShellScriptBuildPhase section */
		35DE0F25F57F8E8B0CF0BE6D /* [CP] Check Pods Manifest.lock */ = {
			isa = PBXShellScriptBuildPhase;
			buildActionMask = 2147483647;
			files = (
			);
			inputFileListPaths = (
			);
			inputPaths = (
				"${PODS_PODFILE_DIR_PATH}/Podfile.lock",
				"${PODS_ROOT}/Manifest.lock",
			);
			name = "[CP] Check Pods Manifest.lock";
			outputFileListPaths = (
			);
			outputPaths = (
				"$(DERIVED_FILE_DIR)/Pods-BigBrother-checkManifestLockResult.txt",
			);
			runOnlyForDeploymentPostprocessing = 0;
			shellPath = /bin/sh;
			shellScript = "diff \"${PODS_PODFILE_DIR_PATH}/Podfile.lock\" \"${PODS_ROOT}/Manifest.lock\" > /dev/null\nif [ $? != 0 ] ; then\n    # print error to STDERR\n    echo \"error: The sandbox is not in sync with the Podfile.lock. Run 'pod install' or update your CocoaPods installation.\" >&2\n    exit 1\nfi\n# This output is used by Xcode 'outputs' to avoid re-running this script phase.\necho \"SUCCESS\" > \"${SCRIPT_OUTPUT_FILE_0}\"\n";
			showEnvVarsInLog = 0;
		};
		7CD1C18DB3EABB2520FD1F24 /* [CP] Embed Pods Frameworks */ = {
			isa = PBXShellScriptBuildPhase;
			buildActionMask = 2147483647;
			files = (
			);
			inputFileListPaths = (
				"${PODS_ROOT}/Target Support Files/Pods-BigBrother/Pods-BigBrother-frameworks-${CONFIGURATION}-input-files.xcfilelist",
			);
			name = "[CP] Embed Pods Frameworks";
			outputFileListPaths = (
				"${PODS_ROOT}/Target Support Files/Pods-BigBrother/Pods-BigBrother-frameworks-${CONFIGURATION}-output-files.xcfilelist",
			);
			runOnlyForDeploymentPostprocessing = 0;
			shellPath = /bin/sh;
			shellScript = "\"${PODS_ROOT}/Target Support Files/Pods-BigBrother/Pods-BigBrother-frameworks.sh\"\n";
			showEnvVarsInLog = 0;
		};
/* End PBXShellScriptBuildPhase section */

/* Begin PBXSourcesBuildPhase section */
		2E9FBF0A236C1B7300C71549 /* Sources */ = {
			isa = PBXSourcesBuildPhase;
			buildActionMask = 2147483647;
			files = (
				A652FCDA2375DA8800579D8F /* FirebaseController.swift in Sources */,
				8FB025932376CF5E00AAA474 /* DetailViewController.swift in Sources */,
				8F562773236C55CB00058639 /* RegisterViewController.swift in Sources */,
				8F5E25C6236C337700C6699B /* LoginViewController.swift in Sources */,
				A652FCD22375D9B300579D8F /* MulticastDelegate.swift in Sources */,
				8F5E25B9236C30D800C6699B /* UIButtonX.swift in Sources */,
				8F2656FE236D8FC900F5D1C7 /* ScanViewController.swift in Sources */,
				8F5E25BA236C30D800C6699B /* ThreePointGradient.swift in Sources */,
				8F265703236E78B400F5D1C7 /* InteractionViewController.swift in Sources */,
				8F26570723702D0200F5D1C7 /* InteractionOptionsViewController.swift in Sources */,
				A652FCD42375D9E300579D8F /* DatabaseProtocol.swift in Sources */,
				8F5E25B8236C30D800C6699B /* UIImageViewX.swift in Sources */,
				8FB0258C2376AA2A00AAA474 /* VisitListTableViewCell.swift in Sources */,
				8F2656F9236D85BD00F5D1C7 /* IntroViewController.swift in Sources */,
				8F541BEC2374F86000A6FF77 /* RecentVisitCollectionViewCell.swift in Sources */,
				8FB0258A2376A42700AAA474 /* VisitListViewController.swift in Sources */,
				A652FCE32375DD3200579D8F /* Data.swift in Sources */,
				A652FCD82375DA3900579D8F /* FirebaseReading.swift in Sources */,
				8F562770236C4E0500058639 /* UITextFieldX.swift in Sources */,
				2E9FBF12236C1B7300C71549 /* AppDelegate.swift in Sources */,
				8F19AC482376FED700995386 /* LiveStreamViewController.swift in Sources */,
				8F5E25BB236C30D800C6699B /* UIViewX.swift in Sources */,
				8FB025852376724F00AAA474 /* UIViewControllerExtension.swift in Sources */,
				8F19AC432376E0A000995386 /* AddViewController.swift in Sources */,
				8F5E25C4236C336500C6699B /* HomeViewController.swift in Sources */,
			);
			runOnlyForDeploymentPostprocessing = 0;
		};
/* End PBXSourcesBuildPhase section */

/* Begin PBXVariantGroup section */
		2E9FBF1A236C1B7400C71549 /* LaunchScreen.storyboard */ = {
			isa = PBXVariantGroup;
			children = (
				2E9FBF1B236C1B7400C71549 /* Base */,
			);
			name = LaunchScreen.storyboard;
			sourceTree = "<group>";
		};
/* End PBXVariantGroup section */

/* Begin XCBuildConfiguration section */
		2E9FBF1E236C1B7400C71549 /* Debug */ = {
			isa = XCBuildConfiguration;
			buildSettings = {
				ALWAYS_SEARCH_USER_PATHS = NO;
				CLANG_ANALYZER_NONNULL = YES;
				CLANG_ANALYZER_NUMBER_OBJECT_CONVERSION = YES_AGGRESSIVE;
				CLANG_CXX_LANGUAGE_STANDARD = "gnu++14";
				CLANG_CXX_LIBRARY = "libc++";
				CLANG_ENABLE_MODULES = YES;
				CLANG_ENABLE_OBJC_ARC = YES;
				CLANG_ENABLE_OBJC_WEAK = YES;
				CLANG_WARN_BLOCK_CAPTURE_AUTORELEASING = YES;
				CLANG_WARN_BOOL_CONVERSION = YES;
				CLANG_WARN_COMMA = YES;
				CLANG_WARN_CONSTANT_CONVERSION = YES;
				CLANG_WARN_DEPRECATED_OBJC_IMPLEMENTATIONS = YES;
				CLANG_WARN_DIRECT_OBJC_ISA_USAGE = YES_ERROR;
				CLANG_WARN_DOCUMENTATION_COMMENTS = YES;
				CLANG_WARN_EMPTY_BODY = YES;
				CLANG_WARN_ENUM_CONVERSION = YES;
				CLANG_WARN_INFINITE_RECURSION = YES;
				CLANG_WARN_INT_CONVERSION = YES;
				CLANG_WARN_NON_LITERAL_NULL_CONVERSION = YES;
				CLANG_WARN_OBJC_IMPLICIT_RETAIN_SELF = YES;
				CLANG_WARN_OBJC_LITERAL_CONVERSION = YES;
				CLANG_WARN_OBJC_ROOT_CLASS = YES_ERROR;
				CLANG_WARN_RANGE_LOOP_ANALYSIS = YES;
				CLANG_WARN_STRICT_PROTOTYPES = YES;
				CLANG_WARN_SUSPICIOUS_MOVE = YES;
				CLANG_WARN_UNGUARDED_AVAILABILITY = YES_AGGRESSIVE;
				CLANG_WARN_UNREACHABLE_CODE = YES;
				CLANG_WARN__DUPLICATE_METHOD_MATCH = YES;
				CODE_SIGN_IDENTITY = "iPhone Developer";
				COPY_PHASE_STRIP = NO;
				DEBUG_INFORMATION_FORMAT = dwarf;
				ENABLE_STRICT_OBJC_MSGSEND = YES;
				ENABLE_TESTABILITY = YES;
				GCC_C_LANGUAGE_STANDARD = gnu11;
				GCC_DYNAMIC_NO_PIC = NO;
				GCC_NO_COMMON_BLOCKS = YES;
				GCC_OPTIMIZATION_LEVEL = 0;
				GCC_PREPROCESSOR_DEFINITIONS = (
					"DEBUG=1",
					"$(inherited)",
				);
				GCC_WARN_64_TO_32_BIT_CONVERSION = YES;
				GCC_WARN_ABOUT_RETURN_TYPE = YES_ERROR;
				GCC_WARN_UNDECLARED_SELECTOR = YES;
				GCC_WARN_UNINITIALIZED_AUTOS = YES_AGGRESSIVE;
				GCC_WARN_UNUSED_FUNCTION = YES;
				GCC_WARN_UNUSED_VARIABLE = YES;
				IPHONEOS_DEPLOYMENT_TARGET = 12.2;
				MTL_ENABLE_DEBUG_INFO = INCLUDE_SOURCE;
				MTL_FAST_MATH = YES;
				ONLY_ACTIVE_ARCH = YES;
				SDKROOT = iphoneos;
				SWIFT_ACTIVE_COMPILATION_CONDITIONS = DEBUG;
				SWIFT_OPTIMIZATION_LEVEL = "-Onone";
			};
			name = Debug;
		};
		2E9FBF1F236C1B7400C71549 /* Release */ = {
			isa = XCBuildConfiguration;
			buildSettings = {
				ALWAYS_SEARCH_USER_PATHS = NO;
				CLANG_ANALYZER_NONNULL = YES;
				CLANG_ANALYZER_NUMBER_OBJECT_CONVERSION = YES_AGGRESSIVE;
				CLANG_CXX_LANGUAGE_STANDARD = "gnu++14";
				CLANG_CXX_LIBRARY = "libc++";
				CLANG_ENABLE_MODULES = YES;
				CLANG_ENABLE_OBJC_ARC = YES;
				CLANG_ENABLE_OBJC_WEAK = YES;
				CLANG_WARN_BLOCK_CAPTURE_AUTORELEASING = YES;
				CLANG_WARN_BOOL_CONVERSION = YES;
				CLANG_WARN_COMMA = YES;
				CLANG_WARN_CONSTANT_CONVERSION = YES;
				CLANG_WARN_DEPRECATED_OBJC_IMPLEMENTATIONS = YES;
				CLANG_WARN_DIRECT_OBJC_ISA_USAGE = YES_ERROR;
				CLANG_WARN_DOCUMENTATION_COMMENTS = YES;
				CLANG_WARN_EMPTY_BODY = YES;
				CLANG_WARN_ENUM_CONVERSION = YES;
				CLANG_WARN_INFINITE_RECURSION = YES;
				CLANG_WARN_INT_CONVERSION = YES;
				CLANG_WARN_NON_LITERAL_NULL_CONVERSION = YES;
				CLANG_WARN_OBJC_IMPLICIT_RETAIN_SELF = YES;
				CLANG_WARN_OBJC_LITERAL_CONVERSION = YES;
				CLANG_WARN_OBJC_ROOT_CLASS = YES_ERROR;
				CLANG_WARN_RANGE_LOOP_ANALYSIS = YES;
				CLANG_WARN_STRICT_PROTOTYPES = YES;
				CLANG_WARN_SUSPICIOUS_MOVE = YES;
				CLANG_WARN_UNGUARDED_AVAILABILITY = YES_AGGRESSIVE;
				CLANG_WARN_UNREACHABLE_CODE = YES;
				CLANG_WARN__DUPLICATE_METHOD_MATCH = YES;
				CODE_SIGN_IDENTITY = "iPhone Developer";
				COPY_PHASE_STRIP = NO;
				DEBUG_INFORMATION_FORMAT = "dwarf-with-dsym";
				ENABLE_NS_ASSERTIONS = NO;
				ENABLE_STRICT_OBJC_MSGSEND = YES;
				GCC_C_LANGUAGE_STANDARD = gnu11;
				GCC_NO_COMMON_BLOCKS = YES;
				GCC_WARN_64_TO_32_BIT_CONVERSION = YES;
				GCC_WARN_ABOUT_RETURN_TYPE = YES_ERROR;
				GCC_WARN_UNDECLARED_SELECTOR = YES;
				GCC_WARN_UNINITIALIZED_AUTOS = YES_AGGRESSIVE;
				GCC_WARN_UNUSED_FUNCTION = YES;
				GCC_WARN_UNUSED_VARIABLE = YES;
				IPHONEOS_DEPLOYMENT_TARGET = 12.2;
				MTL_ENABLE_DEBUG_INFO = NO;
				MTL_FAST_MATH = YES;
				SDKROOT = iphoneos;
				SWIFT_COMPILATION_MODE = wholemodule;
				SWIFT_OPTIMIZATION_LEVEL = "-O";
				VALIDATE_PRODUCT = YES;
			};
			name = Release;
		};
		2E9FBF21236C1B7400C71549 /* Debug */ = {
			isa = XCBuildConfiguration;
			baseConfigurationReference = 5DCE8B5DC6327A5E777BB484 /* Pods-BigBrother.debug.xcconfig */;
			buildSettings = {
				ASSETCATALOG_COMPILER_APPICON_NAME = AppIcon;
				CODE_SIGN_ENTITLEMENTS = BigBrother/BigBrother.entitlements;
				CODE_SIGN_STYLE = Automatic;
				DEVELOPMENT_TEAM = 5GRJW35DUU;
				INFOPLIST_FILE = BigBrother/Info.plist;
				LD_RUNPATH_SEARCH_PATHS = (
					"$(inherited)",
					"@executable_path/Frameworks",
				);
				PRODUCT_BUNDLE_IDENTIFIER = edu.com.monash.BigBrother;
				PRODUCT_NAME = "$(TARGET_NAME)";
				SWIFT_VERSION = 5.0;
				TARGETED_DEVICE_FAMILY = 1;
			};
			name = Debug;
		};
		2E9FBF22236C1B7400C71549 /* Release */ = {
			isa = XCBuildConfiguration;
			baseConfigurationReference = F63DFFD5ECCE7DB4DAB1B446 /* Pods-BigBrother.release.xcconfig */;
			buildSettings = {
				ASSETCATALOG_COMPILER_APPICON_NAME = AppIcon;
				CODE_SIGN_ENTITLEMENTS = BigBrother/BigBrother.entitlements;
				CODE_SIGN_STYLE = Automatic;
				DEVELOPMENT_TEAM = 5GRJW35DUU;
				INFOPLIST_FILE = BigBrother/Info.plist;
				LD_RUNPATH_SEARCH_PATHS = (
					"$(inherited)",
					"@executable_path/Frameworks",
				);
				PRODUCT_BUNDLE_IDENTIFIER = edu.com.monash.BigBrother;
				PRODUCT_NAME = "$(TARGET_NAME)";
				SWIFT_VERSION = 5.0;
				TARGETED_DEVICE_FAMILY = 1;
			};
			name = Release;
		};
/* End XCBuildConfiguration section */

/* Begin XCConfigurationList section */
		2E9FBF09236C1B7300C71549 /* Build configuration list for PBXProject "BigBrother" */ = {
			isa = XCConfigurationList;
			buildConfigurations = (
				2E9FBF1E236C1B7400C71549 /* Debug */,
				2E9FBF1F236C1B7400C71549 /* Release */,
			);
			defaultConfigurationIsVisible = 0;
			defaultConfigurationName = Release;
		};
		2E9FBF20236C1B7400C71549 /* Build configuration list for PBXNativeTarget "BigBrother" */ = {
			isa = XCConfigurationList;
			buildConfigurations = (
				2E9FBF21236C1B7400C71549 /* Debug */,
				2E9FBF22236C1B7400C71549 /* Release */,
			);
			defaultConfigurationIsVisible = 0;
			defaultConfigurationName = Release;
		};
/* End XCConfigurationList section */
	};
	rootObject = 2E9FBF06236C1B7300C71549 /* Project object */;
}
